// !$*UTF8*$!
{
	archiveVersion = 1;
	classes = {
	};
	objectVersion = 55;
	objects = {

/* Begin PBXBuildFile section */
		9A59544C2847DC0B002D68D5 /* MainScreenView.swift in Sources */ = {isa = PBXBuildFile; fileRef = 9A59544B2847DC0B002D68D5 /* MainScreenView.swift */; };
		9A59544F2847DCAF002D68D5 /* Helper.swift in Sources */ = {isa = PBXBuildFile; fileRef = 9A59544E2847DCAF002D68D5 /* Helper.swift */; };
		9A5954512847DEC3002D68D5 /* Font.swift in Sources */ = {isa = PBXBuildFile; fileRef = 9A5954502847DEC3002D68D5 /* Font.swift */; };
		9A59545728487840002D68D5 /* BannerCell.swift in Sources */ = {isa = PBXBuildFile; fileRef = 9A59545628487840002D68D5 /* BannerCell.swift */; };
		9A5954592848814E002D68D5 /* BannerCollectionVIewAdapter.swift in Sources */ = {isa = PBXBuildFile; fileRef = 9A5954582848814E002D68D5 /* BannerCollectionVIewAdapter.swift */; };
		9A59545C284A0143002D68D5 /* NewsAdapter.swift in Sources */ = {isa = PBXBuildFile; fileRef = 9A59545B284A0143002D68D5 /* NewsAdapter.swift */; };
		9A59545E284A02CA002D68D5 /* NewsCell.swift in Sources */ = {isa = PBXBuildFile; fileRef = 9A59545D284A02CA002D68D5 /* NewsCell.swift */; };
		9A6C68862834BD280099E020 /* Colors.swift in Sources */ = {isa = PBXBuildFile; fileRef = 9A6C68852834BD280099E020 /* Colors.swift */; };
		9A6C688E2836145A0099E020 /* Labels.swift in Sources */ = {isa = PBXBuildFile; fileRef = 9A6C688D2836145A0099E020 /* Labels.swift */; };
		9A6C6890283621000099E020 /* Montserrat-Regular.ttf in Resources */ = {isa = PBXBuildFile; fileRef = 9A6C688F28361A6E0099E020 /* Montserrat-Regular.ttf */; };
		9A6C689628362BD80099E020 /* Montserrat-Black.ttf in Resources */ = {isa = PBXBuildFile; fileRef = 9A6C689228362BD40099E020 /* Montserrat-Black.ttf */; };
		9A6C689728362BDC0099E020 /* Montserrat-Bold.ttf in Resources */ = {isa = PBXBuildFile; fileRef = 9A6C689428362BD40099E020 /* Montserrat-Bold.ttf */; };
		9A6C689828362BDF0099E020 /* Montserrat-Light.ttf in Resources */ = {isa = PBXBuildFile; fileRef = 9A6C689128362BD40099E020 /* Montserrat-Light.ttf */; };
		9A6C689928362BE10099E020 /* Montserrat-SemiBold.ttf in Resources */ = {isa = PBXBuildFile; fileRef = 9A6C689528362BD40099E020 /* Montserrat-SemiBold.ttf */; };
		9A6C689A28362BE40099E020 /* Montserrat-Thin.ttf in Resources */ = {isa = PBXBuildFile; fileRef = 9A6C689328362BD40099E020 /* Montserrat-Thin.ttf */; };
		9A6C689C28363F320099E020 /* View.swift in Sources */ = {isa = PBXBuildFile; fileRef = 9A6C689B28363F320099E020 /* View.swift */; };
		9A6C689E283764DA0099E020 /* TetxtField.swift in Sources */ = {isa = PBXBuildFile; fileRef = 9A6C689D283764DA0099E020 /* TetxtField.swift */; };
		9A6C68A028376A2D0099E020 /* TextField.swift in Sources */ = {isa = PBXBuildFile; fileRef = 9A6C689F28376A2D0099E020 /* TextField.swift */; };
		9A6FB241284097DE007347AC /* CustomView.swift in Sources */ = {isa = PBXBuildFile; fileRef = 9A6FB240284097DE007347AC /* CustomView.swift */; };
		9AABD7A4284A7FD7001C9297 /* NewsHeaderView.swift in Sources */ = {isa = PBXBuildFile; fileRef = 9AABD7A3284A7FD7001C9297 /* NewsHeaderView.swift */; };
		9ACCA28C28337268009E14A7 /* AppDelegate.swift in Sources */ = {isa = PBXBuildFile; fileRef = 9ACCA28B28337268009E14A7 /* AppDelegate.swift */; };
		9ACCA2952833726A009E14A7 /* Assets.xcassets in Resources */ = {isa = PBXBuildFile; fileRef = 9ACCA2942833726A009E14A7 /* Assets.xcassets */; };
		9ACCA2982833726A009E14A7 /* LaunchScreen.storyboard in Resources */ = {isa = PBXBuildFile; fileRef = 9ACCA2962833726A009E14A7 /* LaunchScreen.storyboard */; };
		9ACCA2A4283373F4009E14A7 /* TabBarController.swift in Sources */ = {isa = PBXBuildFile; fileRef = 9ACCA2A3283373F4009E14A7 /* TabBarController.swift */; };
		9ACCA2A628337472009E14A7 /* MainViewController.swift in Sources */ = {isa = PBXBuildFile; fileRef = 9ACCA2A528337472009E14A7 /* MainViewController.swift */; };
		9ACCA2A828337485009E14A7 /* NewsViewController.swift in Sources */ = {isa = PBXBuildFile; fileRef = 9ACCA2A728337485009E14A7 /* NewsViewController.swift */; };
		9ACCA2AA283374B0009E14A7 /* AdsViewController.swift in Sources */ = {isa = PBXBuildFile; fileRef = 9ACCA2A9283374B0009E14A7 /* AdsViewController.swift */; };
		9ACCA2AC283374C1009E14A7 /* MapViewController.swift in Sources */ = {isa = PBXBuildFile; fileRef = 9ACCA2AB283374C1009E14A7 /* MapViewController.swift */; };
		9ACCA2AF2833795F009E14A7 /* Constants.swift in Sources */ = {isa = PBXBuildFile; fileRef = 9ACCA2AE2833795E009E14A7 /* Constants.swift */; };
/* End PBXBuildFile section */

/* Begin PBXFileReference section */
		9A59544B2847DC0B002D68D5 /* MainScreenView.swift */ = {isa = PBXFileReference; lastKnownFileType = sourcecode.swift; path = MainScreenView.swift; sourceTree = "<group>"; };
		9A59544E2847DCAF002D68D5 /* Helper.swift */ = {isa = PBXFileReference; lastKnownFileType = sourcecode.swift; path = Helper.swift; sourceTree = "<group>"; };
		9A5954502847DEC3002D68D5 /* Font.swift */ = {isa = PBXFileReference; lastKnownFileType = sourcecode.swift; path = Font.swift; sourceTree = "<group>"; };
		9A59545628487840002D68D5 /* BannerCell.swift */ = {isa = PBXFileReference; lastKnownFileType = sourcecode.swift; path = BannerCell.swift; sourceTree = "<group>"; };
		9A5954582848814E002D68D5 /* BannerCollectionVIewAdapter.swift */ = {isa = PBXFileReference; lastKnownFileType = sourcecode.swift; path = BannerCollectionVIewAdapter.swift; sourceTree = "<group>"; };
		9A59545B284A0143002D68D5 /* NewsAdapter.swift */ = {isa = PBXFileReference; lastKnownFileType = sourcecode.swift; path = NewsAdapter.swift; sourceTree = "<group>"; };
		9A59545D284A02CA002D68D5 /* NewsCell.swift */ = {isa = PBXFileReference; lastKnownFileType = sourcecode.swift; path = NewsCell.swift; sourceTree = "<group>"; };
		9A6C68852834BD280099E020 /* Colors.swift */ = {isa = PBXFileReference; lastKnownFileType = sourcecode.swift; path = Colors.swift; sourceTree = "<group>"; };
		9A6C688D2836145A0099E020 /* Labels.swift */ = {isa = PBXFileReference; lastKnownFileType = sourcecode.swift; path = Labels.swift; sourceTree = "<group>"; };
		9A6C688F28361A6E0099E020 /* Montserrat-Regular.ttf */ = {isa = PBXFileReference; lastKnownFileType = file; path = "Montserrat-Regular.ttf"; sourceTree = "<group>"; };
		9A6C689128362BD40099E020 /* Montserrat-Light.ttf */ = {isa = PBXFileReference; lastKnownFileType = file; path = "Montserrat-Light.ttf"; sourceTree = "<group>"; };
		9A6C689228362BD40099E020 /* Montserrat-Black.ttf */ = {isa = PBXFileReference; lastKnownFileType = file; path = "Montserrat-Black.ttf"; sourceTree = "<group>"; };
		9A6C689328362BD40099E020 /* Montserrat-Thin.ttf */ = {isa = PBXFileReference; lastKnownFileType = file; path = "Montserrat-Thin.ttf"; sourceTree = "<group>"; };
		9A6C689428362BD40099E020 /* Montserrat-Bold.ttf */ = {isa = PBXFileReference; lastKnownFileType = file; path = "Montserrat-Bold.ttf"; sourceTree = "<group>"; };
		9A6C689528362BD40099E020 /* Montserrat-SemiBold.ttf */ = {isa = PBXFileReference; lastKnownFileType = file; path = "Montserrat-SemiBold.ttf"; sourceTree = "<group>"; };
		9A6C689B28363F320099E020 /* View.swift */ = {isa = PBXFileReference; lastKnownFileType = sourcecode.swift; path = View.swift; sourceTree = "<group>"; };
		9A6C689D283764DA0099E020 /* TetxtField.swift */ = {isa = PBXFileReference; lastKnownFileType = sourcecode.swift; path = TetxtField.swift; sourceTree = "<group>"; };
		9A6C689F28376A2D0099E020 /* TextField.swift */ = {isa = PBXFileReference; lastKnownFileType = sourcecode.swift; path = TextField.swift; sourceTree = "<group>"; };
		9A6FB240284097DE007347AC /* CustomView.swift */ = {isa = PBXFileReference; lastKnownFileType = sourcecode.swift; path = CustomView.swift; sourceTree = "<group>"; };
		9AABD7A3284A7FD7001C9297 /* NewsHeaderView.swift */ = {isa = PBXFileReference; lastKnownFileType = sourcecode.swift; path = NewsHeaderView.swift; sourceTree = "<group>"; };
		9ACCA28828337268009E14A7 /* Khorug.app */ = {isa = PBXFileReference; explicitFileType = wrapper.application; includeInIndex = 0; path = Khorug.app; sourceTree = BUILT_PRODUCTS_DIR; };
		9ACCA28B28337268009E14A7 /* AppDelegate.swift */ = {isa = PBXFileReference; lastKnownFileType = sourcecode.swift; path = AppDelegate.swift; sourceTree = "<group>"; };
		9ACCA2942833726A009E14A7 /* Assets.xcassets */ = {isa = PBXFileReference; lastKnownFileType = folder.assetcatalog; path = Assets.xcassets; sourceTree = "<group>"; };
		9ACCA2972833726A009E14A7 /* Base */ = {isa = PBXFileReference; lastKnownFileType = file.storyboard; name = Base; path = Base.lproj/LaunchScreen.storyboard; sourceTree = "<group>"; };
		9ACCA2992833726A009E14A7 /* Info.plist */ = {isa = PBXFileReference; lastKnownFileType = text.plist.xml; path = Info.plist; sourceTree = "<group>"; };
		9ACCA2A3283373F4009E14A7 /* TabBarController.swift */ = {isa = PBXFileReference; lastKnownFileType = sourcecode.swift; path = TabBarController.swift; sourceTree = "<group>"; };
		9ACCA2A528337472009E14A7 /* MainViewController.swift */ = {isa = PBXFileReference; lastKnownFileType = sourcecode.swift; path = MainViewController.swift; sourceTree = "<group>"; };
		9ACCA2A728337485009E14A7 /* NewsViewController.swift */ = {isa = PBXFileReference; lastKnownFileType = sourcecode.swift; path = NewsViewController.swift; sourceTree = "<group>"; };
		9ACCA2A9283374B0009E14A7 /* AdsViewController.swift */ = {isa = PBXFileReference; lastKnownFileType = sourcecode.swift; path = AdsViewController.swift; sourceTree = "<group>"; };
		9ACCA2AB283374C1009E14A7 /* MapViewController.swift */ = {isa = PBXFileReference; lastKnownFileType = sourcecode.swift; path = MapViewController.swift; sourceTree = "<group>"; };
		9ACCA2AE2833795E009E14A7 /* Constants.swift */ = {isa = PBXFileReference; lastKnownFileType = sourcecode.swift; path = Constants.swift; sourceTree = "<group>"; };
/* End PBXFileReference section */

/* Begin PBXFrameworksBuildPhase section */
		9ACCA28528337268009E14A7 /* Frameworks */ = {
			isa = PBXFrameworksBuildPhase;
			buildActionMask = 2147483647;
			files = (
			);
			runOnlyForDeploymentPostprocessing = 0;
		};
/* End PBXFrameworksBuildPhase section */

/* Begin PBXGroup section */
		9A59544D2847DC85002D68D5 /* Utilities */ = {
			isa = PBXGroup;
			children = (
				9A59544E2847DCAF002D68D5 /* Helper.swift */,
			);
			path = Utilities;
			sourceTree = "<group>";
		};
		9A5954522848770A002D68D5 /* TextFields */ = {
			isa = PBXGroup;
			children = (
				9A6C689F28376A2D0099E020 /* TextField.swift */,
			);
			path = TextFields;
			sourceTree = "<group>";
		};
		9A5954532848771B002D68D5 /* UILabels */ = {
			isa = PBXGroup;
			children = (
				9A6C688D2836145A0099E020 /* Labels.swift */,
			);
			path = UILabels;
			sourceTree = "<group>";
		};
		9A59545428487748002D68D5 /* UIViews */ = {
			isa = PBXGroup;
			children = (
				9A6FB240284097DE007347AC /* CustomView.swift */,
			);
			path = UIViews;
			sourceTree = "<group>";
		};
		9A5954552848781C002D68D5 /* Cells */ = {
			isa = PBXGroup;
			children = (
				9A59545628487840002D68D5 /* BannerCell.swift */,
				9A59545D284A02CA002D68D5 /* NewsCell.swift */,
				9AABD7A3284A7FD7001C9297 /* NewsHeaderView.swift */,
			);
			path = Cells;
			sourceTree = "<group>";
		};
		9A59545A284887E0002D68D5 /* Adapters */ = {
			isa = PBXGroup;
			children = (
				9A5954582848814E002D68D5 /* BannerCollectionVIewAdapter.swift */,
				9A59545B284A0143002D68D5 /* NewsAdapter.swift */,
			);
			path = Adapters;
			sourceTree = "<group>";
		};
		9A6C68872834BD2D0099E020 /* Extenstions */ = {
			isa = PBXGroup;
			children = (
				9A6C68852834BD280099E020 /* Colors.swift */,
				9A6C689B28363F320099E020 /* View.swift */,
				9A6C689D283764DA0099E020 /* TetxtField.swift */,
				9A5954502847DEC3002D68D5 /* Font.swift */,
			);
			path = Extenstions;
			sourceTree = "<group>";
		};
		9A6C688B283612D20099E020 /* Fonts */ = {
			isa = PBXGroup;
			children = (
				9A6C688F28361A6E0099E020 /* Montserrat-Regular.ttf */,
				9A6C689228362BD40099E020 /* Montserrat-Black.ttf */,
				9A6C689428362BD40099E020 /* Montserrat-Bold.ttf */,
				9A6C689128362BD40099E020 /* Montserrat-Light.ttf */,
				9A6C689528362BD40099E020 /* Montserrat-SemiBold.ttf */,
				9A6C689328362BD40099E020 /* Montserrat-Thin.ttf */,
			);
			path = Fonts;
			sourceTree = "<group>";
		};
		9A6C688C2836144E0099E020 /* CustomView */ = {
			isa = PBXGroup;
			children = (
				9A5954552848781C002D68D5 /* Cells */,
				9A5954532848771B002D68D5 /* UILabels */,
				9A5954522848770A002D68D5 /* TextFields */,
				9A59545428487748002D68D5 /* UIViews */,
			);
			path = CustomView;
			sourceTree = "<group>";
		};
		9ACCA27F28337268009E14A7 = {
			isa = PBXGroup;
			children = (
				9ACCA28A28337268009E14A7 /* Khorug */,
				9ACCA28928337268009E14A7 /* Products */,
			);
			sourceTree = "<group>";
		};
		9ACCA28928337268009E14A7 /* Products */ = {
			isa = PBXGroup;
			children = (
				9ACCA28828337268009E14A7 /* Khorug.app */,
			);
			name = Products;
			sourceTree = "<group>";
		};
		9ACCA28A28337268009E14A7 /* Khorug */ = {
			isa = PBXGroup;
			children = (
				9A59545A284887E0002D68D5 /* Adapters */,
				9A6C688C2836144E0099E020 /* CustomView */,
				9A6C68872834BD2D0099E020 /* Extenstions */,
				9ACCA2AD28337953009E14A7 /* Constants */,
				9ACCA2A22833738E009E14A7 /* Support */,
				9A59544D2847DC85002D68D5 /* Utilities */,
				9ACCA2A028337318009E14A7 /* Model */,
				9ACCA2A12833731E009E14A7 /* Views */,
				9ACCA29F2833730A009E14A7 /* Controllers */,
				9ACCA2992833726A009E14A7 /* Info.plist */,
				9A6C688B283612D20099E020 /* Fonts */,
			);
			path = Khorug;
			sourceTree = "<group>";
		};
		9ACCA29F2833730A009E14A7 /* Controllers */ = {
			isa = PBXGroup;
			children = (
				9ACCA2A3283373F4009E14A7 /* TabBarController.swift */,
				9ACCA2A528337472009E14A7 /* MainViewController.swift */,
				9ACCA2A728337485009E14A7 /* NewsViewController.swift */,
				9ACCA2A9283374B0009E14A7 /* AdsViewController.swift */,
				9ACCA2AB283374C1009E14A7 /* MapViewController.swift */,
			);
			path = Controllers;
			sourceTree = "<group>";
		};
		9ACCA2A028337318009E14A7 /* Model */ = {
			isa = PBXGroup;
			children = (
			);
			path = Model;
			sourceTree = "<group>";
		};
		9ACCA2A12833731E009E14A7 /* Views */ = {
			isa = PBXGroup;
			children = (
				9A59544B2847DC0B002D68D5 /* MainScreenView.swift */,
			);
			path = Views;
			sourceTree = "<group>";
		};
		9ACCA2A22833738E009E14A7 /* Support */ = {
			isa = PBXGroup;
			children = (
				9ACCA2942833726A009E14A7 /* Assets.xcassets */,
				9ACCA2962833726A009E14A7 /* LaunchScreen.storyboard */,
				9ACCA28B28337268009E14A7 /* AppDelegate.swift */,
			);
			path = Support;
			sourceTree = "<group>";
		};
		9ACCA2AD28337953009E14A7 /* Constants */ = {
			isa = PBXGroup;
			children = (
				9ACCA2AE2833795E009E14A7 /* Constants.swift */,
			);
			path = Constants;
			sourceTree = "<group>";
		};
/* End PBXGroup section */

/* Begin PBXNativeTarget section */
		9ACCA28728337268009E14A7 /* Khorug */ = {
			isa = PBXNativeTarget;
			buildConfigurationList = 9ACCA29C2833726A009E14A7 /* Build configuration list for PBXNativeTarget "Khorug" */;
			buildPhases = (
				9ACCA28428337268009E14A7 /* Sources */,
				9ACCA28528337268009E14A7 /* Frameworks */,
				9ACCA28628337268009E14A7 /* Resources */,
			);
			buildRules = (
			);
			dependencies = (
			);
			name = Khorug;
			productName = Khorug;
			productReference = 9ACCA28828337268009E14A7 /* Khorug.app */;
			productType = "com.apple.product-type.application";
		};
/* End PBXNativeTarget section */

/* Begin PBXProject section */
		9ACCA28028337268009E14A7 /* Project object */ = {
			isa = PBXProject;
			attributes = {
				BuildIndependentTargetsInParallel = 1;
				LastSwiftUpdateCheck = 1330;
				LastUpgradeCheck = 1330;
				TargetAttributes = {
					9ACCA28728337268009E14A7 = {
						CreatedOnToolsVersion = 13.3.1;
					};
				};
			};
			buildConfigurationList = 9ACCA28328337268009E14A7 /* Build configuration list for PBXProject "Khorug" */;
			compatibilityVersion = "Xcode 13.0";
			developmentRegion = en;
			hasScannedForEncodings = 0;
			knownRegions = (
				en,
				Base,
			);
			mainGroup = 9ACCA27F28337268009E14A7;
			productRefGroup = 9ACCA28928337268009E14A7 /* Products */;
			projectDirPath = "";
			projectRoot = "";
			targets = (
				9ACCA28728337268009E14A7 /* Khorug */,
			);
		};
/* End PBXProject section */

/* Begin PBXResourcesBuildPhase section */
		9ACCA28628337268009E14A7 /* Resources */ = {
			isa = PBXResourcesBuildPhase;
			buildActionMask = 2147483647;
			files = (
				9A6C689828362BDF0099E020 /* Montserrat-Light.ttf in Resources */,
				9A6C689728362BDC0099E020 /* Montserrat-Bold.ttf in Resources */,
				9A6C6890283621000099E020 /* Montserrat-Regular.ttf in Resources */,
				9A6C689928362BE10099E020 /* Montserrat-SemiBold.ttf in Resources */,
				9A6C689628362BD80099E020 /* Montserrat-Black.ttf in Resources */,
				9ACCA2982833726A009E14A7 /* LaunchScreen.storyboard in Resources */,
				9A6C689A28362BE40099E020 /* Montserrat-Thin.ttf in Resources */,
				9ACCA2952833726A009E14A7 /* Assets.xcassets in Resources */,
			);
			runOnlyForDeploymentPostprocessing = 0;
		};
/* End PBXResourcesBuildPhase section */

/* Begin PBXSourcesBuildPhase section */
		9ACCA28428337268009E14A7 /* Sources */ = {
			isa = PBXSourcesBuildPhase;
			buildActionMask = 2147483647;
			files = (
				9ACCA2A628337472009E14A7 /* MainViewController.swift in Sources */,
				9A6C68862834BD280099E020 /* Colors.swift in Sources */,
				9A59544F2847DCAF002D68D5 /* Helper.swift in Sources */,
				9A6C689C28363F320099E020 /* View.swift in Sources */,
				9A6C68A028376A2D0099E020 /* TextField.swift in Sources */,
				9ACCA2AC283374C1009E14A7 /* MapViewController.swift in Sources */,
				9ACCA28C28337268009E14A7 /* AppDelegate.swift in Sources */,
				9A59545728487840002D68D5 /* BannerCell.swift in Sources */,
				9A6FB241284097DE007347AC /* CustomView.swift in Sources */,
				9ACCA2A4283373F4009E14A7 /* TabBarController.swift in Sources */,
				9A5954592848814E002D68D5 /* BannerCollectionVIewAdapter.swift in Sources */,
				9A6C688E2836145A0099E020 /* Labels.swift in Sources */,
				9A59544C2847DC0B002D68D5 /* MainScreenView.swift in Sources */,
				9AABD7A4284A7FD7001C9297 /* NewsHeaderView.swift in Sources */,
				9A59545C284A0143002D68D5 /* NewsAdapter.swift in Sources */,
				9A59545E284A02CA002D68D5 /* NewsCell.swift in Sources */,
				9ACCA2AF2833795F009E14A7 /* Constants.swift in Sources */,
				9A5954512847DEC3002D68D5 /* Font.swift in Sources */,
				9ACCA2A828337485009E14A7 /* NewsViewController.swift in Sources */,
				9ACCA2AA283374B0009E14A7 /* AdsViewController.swift in Sources */,
				9A6C689E283764DA0099E020 /* TetxtField.swift in Sources */,
			);
			runOnlyForDeploymentPostprocessing = 0;
		};
/* End PBXSourcesBuildPhase section */

/* Begin PBXVariantGroup section */
		9ACCA2962833726A009E14A7 /* LaunchScreen.storyboard */ = {
			isa = PBXVariantGroup;
			children = (
				9ACCA2972833726A009E14A7 /* Base */,
			);
			name = LaunchScreen.storyboard;
			sourceTree = "<group>";
		};
/* End PBXVariantGroup section */

/* Begin XCBuildConfiguration section */
		9ACCA29A2833726A009E14A7 /* Debug */ = {
			isa = XCBuildConfiguration;
			buildSettings = {
				ALWAYS_SEARCH_USER_PATHS = NO;
				CLANG_ANALYZER_NONNULL = YES;
				CLANG_ANALYZER_NUMBER_OBJECT_CONVERSION = YES_AGGRESSIVE;
				CLANG_CXX_LANGUAGE_STANDARD = "gnu++17";
				CLANG_ENABLE_MODULES = YES;
				CLANG_ENABLE_OBJC_ARC = YES;
				CLANG_ENABLE_OBJC_WEAK = YES;
				CLANG_WARN_BLOCK_CAPTURE_AUTORELEASING = YES;
				CLANG_WARN_BOOL_CONVERSION = YES;
				CLANG_WARN_COMMA = YES;
				CLANG_WARN_CONSTANT_CONVERSION = YES;
				CLANG_WARN_DEPRECATED_OBJC_IMPLEMENTATIONS = YES;
				CLANG_WARN_DIRECT_OBJC_ISA_USAGE = YES_ERROR;
				CLANG_WARN_DOCUMENTATION_COMMENTS = YES;
				CLANG_WARN_EMPTY_BODY = YES;
				CLANG_WARN_ENUM_CONVERSION = YES;
				CLANG_WARN_INFINITE_RECURSION = YES;
				CLANG_WARN_INT_CONVERSION = YES;
				CLANG_WARN_NON_LITERAL_NULL_CONVERSION = YES;
				CLANG_WARN_OBJC_IMPLICIT_RETAIN_SELF = YES;
				CLANG_WARN_OBJC_LITERAL_CONVERSION = YES;
				CLANG_WARN_OBJC_ROOT_CLASS = YES_ERROR;
				CLANG_WARN_QUOTED_INCLUDE_IN_FRAMEWORK_HEADER = YES;
				CLANG_WARN_RANGE_LOOP_ANALYSIS = YES;
				CLANG_WARN_STRICT_PROTOTYPES = YES;
				CLANG_WARN_SUSPICIOUS_MOVE = YES;
				CLANG_WARN_UNGUARDED_AVAILABILITY = YES_AGGRESSIVE;
				CLANG_WARN_UNREACHABLE_CODE = YES;
				CLANG_WARN__DUPLICATE_METHOD_MATCH = YES;
				COPY_PHASE_STRIP = NO;
				DEBUG_INFORMATION_FORMAT = dwarf;
				ENABLE_STRICT_OBJC_MSGSEND = YES;
				ENABLE_TESTABILITY = YES;
				GCC_C_LANGUAGE_STANDARD = gnu11;
				GCC_DYNAMIC_NO_PIC = NO;
				GCC_NO_COMMON_BLOCKS = YES;
				GCC_OPTIMIZATION_LEVEL = 0;
				GCC_PREPROCESSOR_DEFINITIONS = (
					"DEBUG=1",
					"$(inherited)",
				);
				GCC_WARN_64_TO_32_BIT_CONVERSION = YES;
				GCC_WARN_ABOUT_RETURN_TYPE = YES_ERROR;
				GCC_WARN_UNDECLARED_SELECTOR = YES;
				GCC_WARN_UNINITIALIZED_AUTOS = YES_AGGRESSIVE;
				GCC_WARN_UNUSED_FUNCTION = YES;
				GCC_WARN_UNUSED_VARIABLE = YES;
				IPHONEOS_DEPLOYMENT_TARGET = 15.4;
				MTL_ENABLE_DEBUG_INFO = INCLUDE_SOURCE;
				MTL_FAST_MATH = YES;
				ONLY_ACTIVE_ARCH = YES;
				SDKROOT = iphoneos;
				SWIFT_ACTIVE_COMPILATION_CONDITIONS = DEBUG;
				SWIFT_OPTIMIZATION_LEVEL = "-Onone";
			};
			name = Debug;
		};
		9ACCA29B2833726A009E14A7 /* Release */ = {
			isa = XCBuildConfiguration;
			buildSettings = {
				ALWAYS_SEARCH_USER_PATHS = NO;
				CLANG_ANALYZER_NONNULL = YES;
				CLANG_ANALYZER_NUMBER_OBJECT_CONVERSION = YES_AGGRESSIVE;
				CLANG_CXX_LANGUAGE_STANDARD = "gnu++17";
				CLANG_ENABLE_MODULES = YES;
				CLANG_ENABLE_OBJC_ARC = YES;
				CLANG_ENABLE_OBJC_WEAK = YES;
				CLANG_WARN_BLOCK_CAPTURE_AUTORELEASING = YES;
				CLANG_WARN_BOOL_CONVERSION = YES;
				CLANG_WARN_COMMA = YES;
				CLANG_WARN_CONSTANT_CONVERSION = YES;
				CLANG_WARN_DEPRECATED_OBJC_IMPLEMENTATIONS = YES;
				CLANG_WARN_DIRECT_OBJC_ISA_USAGE = YES_ERROR;
				CLANG_WARN_DOCUMENTATION_COMMENTS = YES;
				CLANG_WARN_EMPTY_BODY = YES;
				CLANG_WARN_ENUM_CONVERSION = YES;
				CLANG_WARN_INFINITE_RECURSION = YES;
				CLANG_WARN_INT_CONVERSION = YES;
				CLANG_WARN_NON_LITERAL_NULL_CONVERSION = YES;
				CLANG_WARN_OBJC_IMPLICIT_RETAIN_SELF = YES;
				CLANG_WARN_OBJC_LITERAL_CONVERSION = YES;
				CLANG_WARN_OBJC_ROOT_CLASS = YES_ERROR;
				CLANG_WARN_QUOTED_INCLUDE_IN_FRAMEWORK_HEADER = YES;
				CLANG_WARN_RANGE_LOOP_ANALYSIS = YES;
				CLANG_WARN_STRICT_PROTOTYPES = YES;
				CLANG_WARN_SUSPICIOUS_MOVE = YES;
				CLANG_WARN_UNGUARDED_AVAILABILITY = YES_AGGRESSIVE;
				CLANG_WARN_UNREACHABLE_CODE = YES;
				CLANG_WARN__DUPLICATE_METHOD_MATCH = YES;
				COPY_PHASE_STRIP = NO;
				DEBUG_INFORMATION_FORMAT = "dwarf-with-dsym";
				ENABLE_NS_ASSERTIONS = NO;
				ENABLE_STRICT_OBJC_MSGSEND = YES;
				GCC_C_LANGUAGE_STANDARD = gnu11;
				GCC_NO_COMMON_BLOCKS = YES;
				GCC_WARN_64_TO_32_BIT_CONVERSION = YES;
				GCC_WARN_ABOUT_RETURN_TYPE = YES_ERROR;
				GCC_WARN_UNDECLARED_SELECTOR = YES;
				GCC_WARN_UNINITIALIZED_AUTOS = YES_AGGRESSIVE;
				GCC_WARN_UNUSED_FUNCTION = YES;
				GCC_WARN_UNUSED_VARIABLE = YES;
				IPHONEOS_DEPLOYMENT_TARGET = 15.4;
				MTL_ENABLE_DEBUG_INFO = NO;
				MTL_FAST_MATH = YES;
				SDKROOT = iphoneos;
				SWIFT_COMPILATION_MODE = wholemodule;
				SWIFT_OPTIMIZATION_LEVEL = "-O";
				VALIDATE_PRODUCT = YES;
			};
			name = Release;
		};
		9ACCA29D2833726A009E14A7 /* Debug */ = {
			isa = XCBuildConfiguration;
			buildSettings = {
				ASSETCATALOG_COMPILER_APPICON_NAME = AppIcon;
				ASSETCATALOG_COMPILER_GLOBAL_ACCENT_COLOR_NAME = AccentColor;
				CODE_SIGN_STYLE = Automatic;
				CURRENT_PROJECT_VERSION = 1;
				DEVELOPMENT_TEAM = 438XJUTS37;
				GENERATE_INFOPLIST_FILE = YES;
				INFOPLIST_FILE = Khorug/Info.plist;
				INFOPLIST_KEY_UIApplicationSupportsIndirectInputEvents = YES;
				INFOPLIST_KEY_UILaunchStoryboardName = LaunchScreen;
				INFOPLIST_KEY_UISupportedInterfaceOrientations_iPad = "UIInterfaceOrientationPortrait UIInterfaceOrientationPortraitUpsideDown UIInterfaceOrientationLandscapeLeft UIInterfaceOrientationLandscapeRight";
				INFOPLIST_KEY_UISupportedInterfaceOrientations_iPhone = "UIInterfaceOrientationPortrait UIInterfaceOrientationLandscapeLeft UIInterfaceOrientationLandscapeRight";
				IPHONEOS_DEPLOYMENT_TARGET = 11.0;
				LD_RUNPATH_SEARCH_PATHS = (
					"$(inherited)",
					"@executable_path/Frameworks",
				);
				MARKETING_VERSION = 1.0;
				PRODUCT_BUNDLE_IDENTIFIER = tj.khorug.Khorug;
				PRODUCT_NAME = "$(TARGET_NAME)";
				SWIFT_EMIT_LOC_STRINGS = YES;
				SWIFT_VERSION = 5.0;
				TARGETED_DEVICE_FAMILY = "1,2";
			};
			name = Debug;
		};
		9ACCA29E2833726A009E14A7 /* Release */ = {
			isa = XCBuildConfiguration;
			buildSettings = {
				ASSETCATALOG_COMPILER_APPICON_NAME = AppIcon;
				ASSETCATALOG_COMPILER_GLOBAL_ACCENT_COLOR_NAME = AccentColor;
				CODE_SIGN_STYLE = Automatic;
				CURRENT_PROJECT_VERSION = 1;
				DEVELOPMENT_TEAM = 438XJUTS37;
				GENERATE_INFOPLIST_FILE = YES;
				INFOPLIST_FILE = Khorug/Info.plist;
				INFOPLIST_KEY_UIApplicationSupportsIndirectInputEvents = YES;
				INFOPLIST_KEY_UILaunchStoryboardName = LaunchScreen;
				INFOPLIST_KEY_UISupportedInterfaceOrientations_iPad = "UIInterfaceOrientationPortrait UIInterfaceOrientationPortraitUpsideDown UIInterfaceOrientationLandscapeLeft UIInterfaceOrientationLandscapeRight";
				INFOPLIST_KEY_UISupportedInterfaceOrientations_iPhone = "UIInterfaceOrientationPortrait UIInterfaceOrientationLandscapeLeft UIInterfaceOrientationLandscapeRight";
				IPHONEOS_DEPLOYMENT_TARGET = 11.0;
				LD_RUNPATH_SEARCH_PATHS = (
					"$(inherited)",
					"@executable_path/Frameworks",
				);
				MARKETING_VERSION = 1.0;
				PRODUCT_BUNDLE_IDENTIFIER = tj.khorug.Khorug;
				PRODUCT_NAME = "$(TARGET_NAME)";
				SWIFT_EMIT_LOC_STRINGS = YES;
				SWIFT_VERSION = 5.0;
				TARGETED_DEVICE_FAMILY = "1,2";
			};
			name = Release;
		};
/* End XCBuildConfiguration section */

/* Begin XCConfigurationList section */
		9ACCA28328337268009E14A7 /* Build configuration list for PBXProject "Khorug" */ = {
			isa = XCConfigurationList;
			buildConfigurations = (
				9ACCA29A2833726A009E14A7 /* Debug */,
				9ACCA29B2833726A009E14A7 /* Release */,
			);
			defaultConfigurationIsVisible = 0;
			defaultConfigurationName = Release;
		};
		9ACCA29C2833726A009E14A7 /* Build configuration list for PBXNativeTarget "Khorug" */ = {
			isa = XCConfigurationList;
			buildConfigurations = (
				9ACCA29D2833726A009E14A7 /* Debug */,
				9ACCA29E2833726A009E14A7 /* Release */,
			);
			defaultConfigurationIsVisible = 0;
			defaultConfigurationName = Release;
		};
/* End XCConfigurationList section */
	};
	rootObject = 9ACCA28028337268009E14A7 /* Project object */;
}
